
Microsoft Visual Studio Solution File, Format Version 12.00
# Visual Studio Version 16
VisualStudioVersion = 16.0.810.21
MinimumVisualStudioVersion = 10.0.40219.1
Project("{FAE04EC0-301F-11D3-BF4B-00C04F79EFBC}") = "at_lesson", "at_lesson\at_lesson.csproj", "{C1E45CAE-92EC-4478-9FAD-87C033EAF44A}"
EndProject
Global
	GlobalSection(SolutionConfigurationPlatforms) = preSolution
		Debug|Any CPU = Debug|Any CPU
		Release|Any CPU = Release|Any CPU
	EndGlobalSection
	GlobalSection(ProjectConfigurationPlatforms) = postSolution
		{C1E45CAE-92EC-4478-9FAD-87C033EAF44A}.Debug|Any CPU.ActiveCfg = Debug|Any CPU
		{C1E45CAE-92EC-4478-9FAD-87C033EAF44A}.Debug|Any CPU.Build.0 = Debug|Any CPU
		{C1E45CAE-92EC-4478-9FAD-87C033EAF44A}.Release|Any CPU.ActiveCfg = Release|Any CPU
		{C1E45CAE-92EC-4478-9FAD-87C033EAF44A}.Release|Any CPU.Build.0 = Release|Any CPU
	EndGlobalSection
	GlobalSection(SolutionProperties) = preSolution
		HideSolutionNode = FALSE
	EndGlobalSection
	GlobalSection(ExtensibilityGlobals) = postSolution
		SolutionGuid = {FBE5755C-ED77-46CF-AABA-619DF43959C4}
	EndGlobalSection
EndGlobal
